
Microsoft Visual Studio Solution File, Format Version 12.00
Project("{FAE04EC0-301F-11D3-BF4B-00C04F79EFBC}") = "DictionaryVsArrayBenchmark", "DictionaryVsArrayBenchmark\DictionaryVsArrayBenchmark.csproj", "{199170FF-8870-4BA0-B3C0-05CECFBD5C2F}"
EndProject
Global
	GlobalSection(SolutionConfigurationPlatforms) = preSolution
		Debug|Any CPU = Debug|Any CPU
		Release|Any CPU = Release|Any CPU
	EndGlobalSection
	GlobalSection(ProjectConfigurationPlatforms) = postSolution
		{199170FF-8870-4BA0-B3C0-05CECFBD5C2F}.Debug|Any CPU.ActiveCfg = Debug|Any CPU
		{199170FF-8870-4BA0-B3C0-05CECFBD5C2F}.Debug|Any CPU.Build.0 = Debug|Any CPU
		{199170FF-8870-4BA0-B3C0-05CECFBD5C2F}.Release|Any CPU.ActiveCfg = Release|Any CPU
		{199170FF-8870-4BA0-B3C0-05CECFBD5C2F}.Release|Any CPU.Build.0 = Release|Any CPU
	EndGlobalSection
EndGlobal
